{
  "name": "glif-examples",
  "version": "0.1.0",
  "lockfileVersion": 3,
  "requires": true,
  "packages": {
    "": {
      "name": "glif-examples",
      "version": "0.1.0",
      "dependencies": {
        "@artalis/glif": "file:.."
      }
    },
    "..": {
      "version": "0.1.0",
      "hasInstallScript": true,
      "license": "MIT",
      "dependencies": {
        "node-addon-api": "^7.0.0"
      }
    },
    "node_modules/@artalis/glif": {
      "resolved": "..",
      "link": true
    }
  }
}
